// !$*UTF8*$!
{
	archiveVersion = 1;
	classes = {
	};
	objectVersion = 50;
	objects = {

/* Begin PBXBuildFile section */
		3AC4F5AEE9119E16CABAE38D /* Pods_grabABit.framework in Frameworks */ = {isa = PBXBuildFile; fileRef = B2779D9C602A39A26BB1D5DF /* Pods_grabABit.framework */; };
		901B6585232D430B003717A5 /* AppDelegate.swift in Sources */ = {isa = PBXBuildFile; fileRef = 901B6584232D430B003717A5 /* AppDelegate.swift */; };
		901B6587232D430B003717A5 /* ViewController.swift in Sources */ = {isa = PBXBuildFile; fileRef = 901B6586232D430B003717A5 /* ViewController.swift */; };
		901B658A232D430B003717A5 /* Main.storyboard in Resources */ = {isa = PBXBuildFile; fileRef = 901B6588232D430B003717A5 /* Main.storyboard */; };
		901B658C232D430D003717A5 /* Assets.xcassets in Resources */ = {isa = PBXBuildFile; fileRef = 901B658B232D430D003717A5 /* Assets.xcassets */; };
		901B658F232D430D003717A5 /* LaunchScreen.storyboard in Resources */ = {isa = PBXBuildFile; fileRef = 901B658D232D430D003717A5 /* LaunchScreen.storyboard */; };
		901B6597232D7478003717A5 /* GoogleService-Info.plist in Resources */ = {isa = PBXBuildFile; fileRef = 901B6596232D7478003717A5 /* GoogleService-Info.plist */; };
/* End PBXBuildFile section */

/* Begin PBXFileReference section */
		7D4D810E4DED8B0C5E80F209 /* Pods-grabABit.debug.xcconfig */ = {isa = PBXFileReference; includeInIndex = 1; lastKnownFileType = text.xcconfig; name = "Pods-grabABit.debug.xcconfig"; path = "Target Support Files/Pods-grabABit/Pods-grabABit.debug.xcconfig"; sourceTree = "<group>"; };
		901B6581232D430B003717A5 /* grabABit.app */ = {isa = PBXFileReference; explicitFileType = wrapper.application; includeInIndex = 0; path = grabABit.app; sourceTree = BUILT_PRODUCTS_DIR; };
		901B6584232D430B003717A5 /* AppDelegate.swift */ = {isa = PBXFileReference; lastKnownFileType = sourcecode.swift; path = AppDelegate.swift; sourceTree = "<group>"; };
		901B6586232D430B003717A5 /* ViewController.swift */ = {isa = PBXFileReference; lastKnownFileType = sourcecode.swift; path = ViewController.swift; sourceTree = "<group>"; };
		901B6589232D430B003717A5 /* Base */ = {isa = PBXFileReference; lastKnownFileType = file.storyboard; name = Base; path = Base.lproj/Main.storyboard; sourceTree = "<group>"; };
		901B658B232D430D003717A5 /* Assets.xcassets */ = {isa = PBXFileReference; lastKnownFileType = folder.assetcatalog; path = Assets.xcassets; sourceTree = "<group>"; };
		901B658E232D430D003717A5 /* Base */ = {isa = PBXFileReference; lastKnownFileType = file.storyboard; name = Base; path = Base.lproj/LaunchScreen.storyboard; sourceTree = "<group>"; };
		901B6590232D430D003717A5 /* Info.plist */ = {isa = PBXFileReference; lastKnownFileType = text.plist.xml; path = Info.plist; sourceTree = "<group>"; };
		901B6596232D7478003717A5 /* GoogleService-Info.plist */ = {isa = PBXFileReference; fileEncoding = 4; lastKnownFileType = text.plist.xml; path = "GoogleService-Info.plist"; sourceTree = "<group>"; };
		B2779D9C602A39A26BB1D5DF /* Pods_grabABit.framework */ = {isa = PBXFileReference; explicitFileType = wrapper.framework; includeInIndex = 0; path = Pods_grabABit.framework; sourceTree = BUILT_PRODUCTS_DIR; };
		B48D3A650E4BC1B0F6AAB9F5 /* Pods-grabABit.release.xcconfig */ = {isa = PBXFileReference; includeInIndex = 1; lastKnownFileType = text.xcconfig; name = "Pods-grabABit.release.xcconfig"; path = "Target Support Files/Pods-grabABit/Pods-grabABit.release.xcconfig"; sourceTree = "<group>"; };
/* End PBXFileReference section */

/* Begin PBXFrameworksBuildPhase section */
		901B657E232D430B003717A5 /* Frameworks */ = {
			isa = PBXFrameworksBuildPhase;
			buildActionMask = 2147483647;
			files = (
				3AC4F5AEE9119E16CABAE38D /* Pods_grabABit.framework in Frameworks */,
			);
			runOnlyForDeploymentPostprocessing = 0;
		};
/* End PBXFrameworksBuildPhase section */

/* Begin PBXGroup section */
		1DB087807F1C5D3138D3D5DE /* Pods */ = {
			isa = PBXGroup;
			children = (
				7D4D810E4DED8B0C5E80F209 /* Pods-grabABit.debug.xcconfig */,
				B48D3A650E4BC1B0F6AAB9F5 /* Pods-grabABit.release.xcconfig */,
			);
			name = Pods;
			path = Pods;
			sourceTree = "<group>";
		};
		901B6578232D430A003717A5 = {
			isa = PBXGroup;
			children = (
				901B6583232D430B003717A5 /* grabABit */,
				901B6582232D430B003717A5 /* Products */,
				1DB087807F1C5D3138D3D5DE /* Pods */,
				A4F7D999B97D8B1D77B97931 /* Frameworks */,
			);
			sourceTree = "<group>";
		};
		901B6582232D430B003717A5 /* Products */ = {
			isa = PBXGroup;
			children = (
				901B6581232D430B003717A5 /* grabABit.app */,
			);
			name = Products;
			sourceTree = "<group>";
		};
		901B6583232D430B003717A5 /* grabABit */ = {
			isa = PBXGroup;
			children = (
				901B6584232D430B003717A5 /* AppDelegate.swift */,
				901B6586232D430B003717A5 /* ViewController.swift */,
				901B6588232D430B003717A5 /* Main.storyboard */,
				901B658B232D430D003717A5 /* Assets.xcassets */,
				901B658D232D430D003717A5 /* LaunchScreen.storyboard */,
				901B6590232D430D003717A5 /* Info.plist */,
				901B6596232D7478003717A5 /* GoogleService-Info.plist */,
			);
			path = grabABit;
			sourceTree = "<group>";
		};
		A4F7D999B97D8B1D77B97931 /* Frameworks */ = {
			isa = PBXGroup;
			children = (
				B2779D9C602A39A26BB1D5DF /* Pods_grabABit.framework */,
			);
			name = Frameworks;
			sourceTree = "<group>";
		};
/* End PBXGroup section */

/* Begin PBXNativeTarget section */
		901B6580232D430B003717A5 /* grabABit */ = {
			isa = PBXNativeTarget;
			buildConfigurationList = 901B6593232D430D003717A5 /* Build configuration list for PBXNativeTarget "grabABit" */;
			buildPhases = (
				1FE0AF616A071334B8693513 /* [CP] Check Pods Manifest.lock */,
				901B657D232D430B003717A5 /* Sources */,
				901B657E232D430B003717A5 /* Frameworks */,
				901B657F232D430B003717A5 /* Resources */,
			);
			buildRules = (
			);
			dependencies = (
			);
			name = grabABit;
			productName = grabABit;
			productReference = 901B6581232D430B003717A5 /* grabABit.app */;
			productType = "com.apple.product-type.application";
		};
/* End PBXNativeTarget section */

/* Begin PBXProject section */
		901B6579232D430A003717A5 /* Project object */ = {
			isa = PBXProject;
			attributes = {
				LastSwiftUpdateCheck = 1030;
				LastUpgradeCheck = 1030;
				ORGANIZATIONNAME = "Letitia Kwan";
				TargetAttributes = {
					901B6580232D430B003717A5 = {
						CreatedOnToolsVersion = 10.3;
					};
				};
			};
			buildConfigurationList = 901B657C232D430A003717A5 /* Build configuration list for PBXProject "grabABit" */;
			compatibilityVersion = "Xcode 9.3";
			developmentRegion = en;
			hasScannedForEncodings = 0;
			knownRegions = (
				en,
				Base,
			);
			mainGroup = 901B6578232D430A003717A5;
			productRefGroup = 901B6582232D430B003717A5 /* Products */;
			projectDirPath = "";
			projectRoot = "";
			targets = (
				901B6580232D430B003717A5 /* grabABit */,
			);
		};
/* End PBXProject section */

/* Begin PBXResourcesBuildPhase section */
		901B657F232D430B003717A5 /* Resources */ = {
			isa = PBXResourcesBuildPhase;
			buildActionMask = 2147483647;
			files = (
				901B658F232D430D003717A5 /* LaunchScreen.storyboard in Resources */,
				901B6597232D7478003717A5 /* GoogleService-Info.plist in Resources */,
				901B658C232D430D003717A5 /* Assets.xcassets in Resources */,
				901B658A232D430B003717A5 /* Main.storyboard in Resources */,
			);
			runOnlyForDeploymentPostprocessing = 0;
		};
/* End PBXResourcesBuildPhase section */

/* Begin PBXShellScriptBuildPhase section */
		1FE0AF616A071334B8693513 /* [CP] Check Pods Manifest.lock */ = {
			isa = PBXShellScriptBuildPhase;
			buildActionMask = 2147483647;
			files = (
			);
			inputFileListPaths = (
			);
			inputPaths = (
				"${PODS_PODFILE_DIR_PATH}/Podfile.lock",
				"${PODS_ROOT}/Manifest.lock",
			);
			name = "[CP] Check Pods Manifest.lock";
			outputFileListPaths = (
			);
			outputPaths = (
				"$(DERIVED_FILE_DIR)/Pods-grabABit-checkManifestLockResult.txt",
			);
			runOnlyForDeploymentPostprocessing = 0;
			shellPath = /bin/sh;
			shellScript = "diff \"${PODS_PODFILE_DIR_PATH}/Podfile.lock\" \"${PODS_ROOT}/Manifest.lock\" > /dev/null\nif [ $? != 0 ] ; then\n    # print error to STDERR\n    echo \"error: The sandbox is not in sync with the Podfile.lock. Run 'pod install' or update your CocoaPods installation.\" >&2\n    exit 1\nfi\n# This output is used by Xcode 'outputs' to avoid re-running this script phase.\necho \"SUCCESS\" > \"${SCRIPT_OUTPUT_FILE_0}\"\n";
			showEnvVarsInLog = 0;
		};
/* End PBXShellScriptBuildPhase section */

/* Begin PBXSourcesBuildPhase section */
		901B657D232D430B003717A5 /* Sources */ = {
			isa = PBXSourcesBuildPhase;
			buildActionMask = 2147483647;
			files = (
				901B6587232D430B003717A5 /* ViewController.swift in Sources */,
				901B6585232D430B003717A5 /* AppDelegate.swift in Sources */,
			);
			runOnlyForDeploymentPostprocessing = 0;
		};
/* End PBXSourcesBuildPhase section */

/* Begin PBXVariantGroup section */
		901B6588232D430B003717A5 /* Main.storyboard */ = {
			isa = PBXVariantGroup;
			children = (
				901B6589232D430B003717A5 /* Base */,
			);
			name = Main.storyboard;
			sourceTree = "<group>";
		};
		901B658D232D430D003717A5 /* LaunchScreen.storyboard */ = {
			isa = PBXVariantGroup;
			children = (
				901B658E232D430D003717A5 /* Base */,
			);
			name = LaunchScreen.storyboard;
			sourceTree = "<group>";
		};
/* End PBXVariantGroup section */

/* Begin XCBuildConfiguration section */
		901B6591232D430D003717A5 /* Debug */ = {
			isa = XCBuildConfiguration;
			buildSettings = {
				ALWAYS_SEARCH_USER_PATHS = NO;
				CLANG_ANALYZER_NONNULL = YES;
				CLANG_ANALYZER_NUMBER_OBJECT_CONVERSION = YES_AGGRESSIVE;
				CLANG_CXX_LANGUAGE_STANDARD = "gnu++14";
				CLANG_CXX_LIBRARY = "libc++";
				CLANG_ENABLE_MODULES = YES;
				CLANG_ENABLE_OBJC_ARC = YES;
				CLANG_ENABLE_OBJC_WEAK = YES;
				CLANG_WARN_BLOCK_CAPTURE_AUTORELEASING = YES;
				CLANG_WARN_BOOL_CONVERSION = YES;
				CLANG_WARN_COMMA = YES;
				CLANG_WARN_CONSTANT_CONVERSION = YES;
				CLANG_WARN_DEPRECATED_OBJC_IMPLEMENTATIONS = YES;
				CLANG_WARN_DIRECT_OBJC_ISA_USAGE = YES_ERROR;
				CLANG_WARN_DOCUMENTATION_COMMENTS = YES;
				CLANG_WARN_EMPTY_BODY = YES;
				CLANG_WARN_ENUM_CONVERSION = YES;
				CLANG_WARN_INFINITE_RECURSION = YES;
				CLANG_WARN_INT_CONVERSION = YES;
				CLANG_WARN_NON_LITERAL_NULL_CONVERSION = YES;
				CLANG_WARN_OBJC_IMPLICIT_RETAIN_SELF = YES;
				CLANG_WARN_OBJC_LITERAL_CONVERSION = YES;
				CLANG_WARN_OBJC_ROOT_CLASS = YES_ERROR;
				CLANG_WARN_RANGE_LOOP_ANALYSIS = YES;
				CLANG_WARN_STRICT_PROTOTYPES = YES;
				CLANG_WARN_SUSPICIOUS_MOVE = YES;
				CLANG_WARN_UNGUARDED_AVAILABILITY = YES_AGGRESSIVE;
				CLANG_WARN_UNREACHABLE_CODE = YES;
				CLANG_WARN__DUPLICATE_METHOD_MATCH = YES;
				CODE_SIGN_IDENTITY = "iPhone Developer";
				COPY_PHASE_STRIP = NO;
				DEBUG_INFORMATION_FORMAT = dwarf;
				ENABLE_STRICT_OBJC_MSGSEND = YES;
				ENABLE_TESTABILITY = YES;
				GCC_C_LANGUAGE_STANDARD = gnu11;
				GCC_DYNAMIC_NO_PIC = NO;
				GCC_NO_COMMON_BLOCKS = YES;
				GCC_OPTIMIZATION_LEVEL = 0;
				GCC_PREPROCESSOR_DEFINITIONS = (
					"DEBUG=1",
					"$(inherited)",
				);
				GCC_WARN_64_TO_32_BIT_CONVERSION = YES;
				GCC_WARN_ABOUT_RETURN_TYPE = YES_ERROR;
				GCC_WARN_UNDECLARED_SELECTOR = YES;
				GCC_WARN_UNINITIALIZED_AUTOS = YES_AGGRESSIVE;
				GCC_WARN_UNUSED_FUNCTION = YES;
				GCC_WARN_UNUSED_VARIABLE = YES;
				IPHONEOS_DEPLOYMENT_TARGET = 12.2;
				MTL_ENABLE_DEBUG_INFO = INCLUDE_SOURCE;
				MTL_FAST_MATH = YES;
				ONLY_ACTIVE_ARCH = YES;
				SDKROOT = iphoneos;
				SWIFT_ACTIVE_COMPILATION_CONDITIONS = DEBUG;
				SWIFT_OPTIMIZATION_LEVEL = "-Onone";
			};
			name = Debug;
		};
		901B6592232D430D003717A5 /* Release */ = {
			isa = XCBuildConfiguration;
			buildSettings = {
				ALWAYS_SEARCH_USER_PATHS = NO;
				CLANG_ANALYZER_NONNULL = YES;
				CLANG_ANALYZER_NUMBER_OBJECT_CONVERSION = YES_AGGRESSIVE;
				CLANG_CXX_LANGUAGE_STANDARD = "gnu++14";
				CLANG_CXX_LIBRARY = "libc++";
				CLANG_ENABLE_MODULES = YES;
				CLANG_ENABLE_OBJC_ARC = YES;
				CLANG_ENABLE_OBJC_WEAK = YES;
				CLANG_WARN_BLOCK_CAPTURE_AUTORELEASING = YES;
				CLANG_WARN_BOOL_CONVERSION = YES;
				CLANG_WARN_COMMA = YES;
				CLANG_WARN_CONSTANT_CONVERSION = YES;
				CLANG_WARN_DEPRECATED_OBJC_IMPLEMENTATIONS = YES;
				CLANG_WARN_DIRECT_OBJC_ISA_USAGE = YES_ERROR;
				CLANG_WARN_DOCUMENTATION_COMMENTS = YES;
				CLANG_WARN_EMPTY_BODY = YES;
				CLANG_WARN_ENUM_CONVERSION = YES;
				CLANG_WARN_INFINITE_RECURSION = YES;
				CLANG_WARN_INT_CONVERSION = YES;
				CLANG_WARN_NON_LITERAL_NULL_CONVERSION = YES;
				CLANG_WARN_OBJC_IMPLICIT_RETAIN_SELF = YES;
				CLANG_WARN_OBJC_LITERAL_CONVERSION = YES;
				CLANG_WARN_OBJC_ROOT_CLASS = YES_ERROR;
				CLANG_WARN_RANGE_LOOP_ANALYSIS = YES;
				CLANG_WARN_STRICT_PROTOTYPES = YES;
				CLANG_WARN_SUSPICIOUS_MOVE = YES;
				CLANG_WARN_UNGUARDED_AVAILABILITY = YES_AGGRESSIVE;
				CLANG_WARN_UNREACHABLE_CODE = YES;
				CLANG_WARN__DUPLICATE_METHOD_MATCH = YES;
				CODE_SIGN_IDENTITY = "iPhone Developer";
				COPY_PHASE_STRIP = NO;
				DEBUG_INFORMATION_FORMAT = "dwarf-with-dsym";
				ENABLE_NS_ASSERTIONS = NO;
				ENABLE_STRICT_OBJC_MSGSEND = YES;
				GCC_C_LANGUAGE_STANDARD = gnu11;
				GCC_NO_COMMON_BLOCKS = YES;
				GCC_WARN_64_TO_32_BIT_CONVERSION = YES;
				GCC_WARN_ABOUT_RETURN_TYPE = YES_ERROR;
				GCC_WARN_UNDECLARED_SELECTOR = YES;
				GCC_WARN_UNINITIALIZED_AUTOS = YES_AGGRESSIVE;
				GCC_WARN_UNUSED_FUNCTION = YES;
				GCC_WARN_UNUSED_VARIABLE = YES;
				IPHONEOS_DEPLOYMENT_TARGET = 12.2;
				MTL_ENABLE_DEBUG_INFO = NO;
				MTL_FAST_MATH = YES;
				SDKROOT = iphoneos;
				SWIFT_COMPILATION_MODE = wholemodule;
				SWIFT_OPTIMIZATION_LEVEL = "-O";
				VALIDATE_PRODUCT = YES;
			};
			name = Release;
		};
		901B6594232D430D003717A5 /* Debug */ = {
			isa = XCBuildConfiguration;
			baseConfigurationReference = 7D4D810E4DED8B0C5E80F209 /* Pods-grabABit.debug.xcconfig */;
			buildSettings = {
				ASSETCATALOG_COMPILER_APPICON_NAME = AppIcon;
				CODE_SIGN_STYLE = Automatic;
				DEVELOPMENT_TEAM = V7R4Q49N9C;
				INFOPLIST_FILE = grabABit/Info.plist;
				LD_RUNPATH_SEARCH_PATHS = (
					"$(inherited)",
					"@executable_path/Frameworks",
				);
				PRODUCT_BUNDLE_IDENTIFIER = asn4.grabABit;
				PRODUCT_NAME = "$(TARGET_NAME)";
				SWIFT_VERSION = 5.0;
				TARGETED_DEVICE_FAMILY = "1,2";
			};
			name = Debug;
		};
		901B6595232D430D003717A5 /* Release */ = {
			isa = XCBuildConfiguration;
			baseConfigurationReference = B48D3A650E4BC1B0F6AAB9F5 /* Pods-grabABit.release.xcconfig */;
			buildSettings = {
				ASSETCATALOG_COMPILER_APPICON_NAME = AppIcon;
				CODE_SIGN_STYLE = Automatic;
				DEVELOPMENT_TEAM = V7R4Q49N9C;
				INFOPLIST_FILE = grabABit/Info.plist;
				LD_RUNPATH_SEARCH_PATHS = (
					"$(inherited)",
					"@executable_path/Frameworks",
				);
				PRODUCT_BUNDLE_IDENTIFIER = asn4.grabABit;
				PRODUCT_NAME = "$(TARGET_NAME)";
				SWIFT_VERSION = 5.0;
				TARGETED_DEVICE_FAMILY = "1,2";
			};
			name = Release;
		};
/* End XCBuildConfiguration section */

/* Begin XCConfigurationList section */
		901B657C232D430A003717A5 /* Build configuration list for PBXProject "grabABit" */ = {
			isa = XCConfigurationList;
			buildConfigurations = (
				901B6591232D430D003717A5 /* Debug */,
				901B6592232D430D003717A5 /* Release */,
			);
			defaultConfigurationIsVisible = 0;
			defaultConfigurationName = Release;
		};
		901B6593232D430D003717A5 /* Build configuration list for PBXNativeTarget "grabABit" */ = {
			isa = XCConfigurationList;
			buildConfigurations = (
				901B6594232D430D003717A5 /* Debug */,
				901B6595232D430D003717A5 /* Release */,
			);
			defaultConfigurationIsVisible = 0;
			defaultConfigurationName = Release;
		};
/* End XCConfigurationList section */
	};
	rootObject = 901B6579232D430A003717A5 /* Project object */;
}
